
Microsoft Visual Studio Solution File, Format Version 12.00
# Visual Studio Version 16
VisualStudioVersion = 16.0.31624.102
MinimumVisualStudioVersion = 10.0.40219.1
Project("{FAE04EC0-301F-11D3-BF4B-00C04F79EFBC}") = "Laboration4_NoFW", "Laboration4_NoFW\Laboration4_NoFW.csproj", "{30E57A29-D1D6-47BC-A76B-A3066BE21F37}"
EndProject
Global
	GlobalSection(SolutionConfigurationPlatforms) = preSolution
		Debug|Any CPU = Debug|Any CPU
		Release|Any CPU = Release|Any CPU
	EndGlobalSection
	GlobalSection(ProjectConfigurationPlatforms) = postSolution
		{30E57A29-D1D6-47BC-A76B-A3066BE21F37}.Debug|Any CPU.ActiveCfg = Debug|Any CPU
		{30E57A29-D1D6-47BC-A76B-A3066BE21F37}.Debug|Any CPU.Build.0 = Debug|Any CPU
		{30E57A29-D1D6-47BC-A76B-A3066BE21F37}.Release|Any CPU.ActiveCfg = Release|Any CPU
		{30E57A29-D1D6-47BC-A76B-A3066BE21F37}.Release|Any CPU.Build.0 = Release|Any CPU
	EndGlobalSection
	GlobalSection(SolutionProperties) = preSolution
		HideSolutionNode = FALSE
	EndGlobalSection
	GlobalSection(ExtensibilityGlobals) = postSolution
		SolutionGuid = {CFB5890A-79B6-448C-9AC2-CE8DC694BB8B}
	EndGlobalSection
EndGlobal
