
Microsoft Visual Studio Solution File, Format Version 12.00
# Visual Studio Version 16
VisualStudioVersion = 16.0.31624.102
MinimumVisualStudioVersion = 10.0.40219.1
Project("{FAE04EC0-301F-11D3-BF4B-00C04F79EFBC}") = "Laboration3", "Laboration3\Laboration3.csproj", "{4F707454-575C-4F8A-B4FC-85125859189D}"
EndProject
Global
	GlobalSection(SolutionConfigurationPlatforms) = preSolution
		Debug|Any CPU = Debug|Any CPU
		Release|Any CPU = Release|Any CPU
	EndGlobalSection
	GlobalSection(ProjectConfigurationPlatforms) = postSolution
		{4F707454-575C-4F8A-B4FC-85125859189D}.Debug|Any CPU.ActiveCfg = Debug|Any CPU
		{4F707454-575C-4F8A-B4FC-85125859189D}.Debug|Any CPU.Build.0 = Debug|Any CPU
		{4F707454-575C-4F8A-B4FC-85125859189D}.Release|Any CPU.ActiveCfg = Release|Any CPU
		{4F707454-575C-4F8A-B4FC-85125859189D}.Release|Any CPU.Build.0 = Release|Any CPU
	EndGlobalSection
	GlobalSection(SolutionProperties) = preSolution
		HideSolutionNode = FALSE
	EndGlobalSection
	GlobalSection(ExtensibilityGlobals) = postSolution
		SolutionGuid = {38308B18-67DE-4AA7-B472-575D9660595E}
	EndGlobalSection
EndGlobal
